
Microsoft Visual Studio Solution File, Format Version 12.00
# Visual Studio 15
VisualStudioVersion = 15.0.28307.1169
MinimumVisualStudioVersion = 10.0.40219.1
Project("{2150E333-8FDC-42A3-9474-1A3956D46DE8}") = "1 - Presenter", "1 - Presenter", "{711085DD-8B03-4D8D-95CC-564FBD839C74}"
EndProject
Project("{2150E333-8FDC-42A3-9474-1A3956D46DE8}") = "2 - Infra", "2 - Infra", "{99B3B129-FBAF-431D-A343-B5FB9BE263D8}"
EndProject
Project("{2150E333-8FDC-42A3-9474-1A3956D46DE8}") = "3 - Core", "3 - Core", "{A700D2F4-404A-4091-B987-8DB40074C161}"
EndProject
Project("{FAE04EC0-301F-11D3-BF4B-00C04F79EFBC}") = "BarDg.Api", "BarDg.Api\BarDg.Api.csproj", "{DA79B433-0CFB-49F0-8359-006D5F595E10}"
EndProject
Project("{FAE04EC0-301F-11D3-BF4B-00C04F79EFBC}") = "BarDg.Core.Domain", "BarDg.Core.Domain\BarDg.Core.Domain.csproj", "{98BAAD6D-929F-41FB-86F4-EF2F887BCD6E}"
EndProject
Project("{FAE04EC0-301F-11D3-BF4B-00C04F79EFBC}") = "BarDg.Core.Application", "BarDg.Core.Application\BarDg.Core.Application.csproj", "{F680396D-6EC1-4406-9757-D21E92159397}"
EndProject
Project("{FAE04EC0-301F-11D3-BF4B-00C04F79EFBC}") = "BarDg.Infra.Repository", "BarDg.Infra.Repository\BarDg.Infra.Repository.csproj", "{82832D3E-0E53-4104-B5EC-EAB6381BD197}"
EndProject
Global
	GlobalSection(SolutionConfigurationPlatforms) = preSolution
		Debug|Any CPU = Debug|Any CPU
		Release|Any CPU = Release|Any CPU
	EndGlobalSection
	GlobalSection(ProjectConfigurationPlatforms) = postSolution
		{DA79B433-0CFB-49F0-8359-006D5F595E10}.Debug|Any CPU.ActiveCfg = Debug|Any CPU
		{DA79B433-0CFB-49F0-8359-006D5F595E10}.Debug|Any CPU.Build.0 = Debug|Any CPU
		{DA79B433-0CFB-49F0-8359-006D5F595E10}.Release|Any CPU.ActiveCfg = Release|Any CPU
		{DA79B433-0CFB-49F0-8359-006D5F595E10}.Release|Any CPU.Build.0 = Release|Any CPU
		{98BAAD6D-929F-41FB-86F4-EF2F887BCD6E}.Debug|Any CPU.ActiveCfg = Debug|Any CPU
		{98BAAD6D-929F-41FB-86F4-EF2F887BCD6E}.Debug|Any CPU.Build.0 = Debug|Any CPU
		{98BAAD6D-929F-41FB-86F4-EF2F887BCD6E}.Release|Any CPU.ActiveCfg = Release|Any CPU
		{98BAAD6D-929F-41FB-86F4-EF2F887BCD6E}.Release|Any CPU.Build.0 = Release|Any CPU
		{F680396D-6EC1-4406-9757-D21E92159397}.Debug|Any CPU.ActiveCfg = Debug|Any CPU
		{F680396D-6EC1-4406-9757-D21E92159397}.Debug|Any CPU.Build.0 = Debug|Any CPU
		{F680396D-6EC1-4406-9757-D21E92159397}.Release|Any CPU.ActiveCfg = Release|Any CPU
		{F680396D-6EC1-4406-9757-D21E92159397}.Release|Any CPU.Build.0 = Release|Any CPU
		{82832D3E-0E53-4104-B5EC-EAB6381BD197}.Debug|Any CPU.ActiveCfg = Debug|Any CPU
		{82832D3E-0E53-4104-B5EC-EAB6381BD197}.Debug|Any CPU.Build.0 = Debug|Any CPU
		{82832D3E-0E53-4104-B5EC-EAB6381BD197}.Release|Any CPU.ActiveCfg = Release|Any CPU
		{82832D3E-0E53-4104-B5EC-EAB6381BD197}.Release|Any CPU.Build.0 = Release|Any CPU
	EndGlobalSection
	GlobalSection(SolutionProperties) = preSolution
		HideSolutionNode = FALSE
	EndGlobalSection
	GlobalSection(NestedProjects) = preSolution
		{DA79B433-0CFB-49F0-8359-006D5F595E10} = {711085DD-8B03-4D8D-95CC-564FBD839C74}
		{98BAAD6D-929F-41FB-86F4-EF2F887BCD6E} = {A700D2F4-404A-4091-B987-8DB40074C161}
		{F680396D-6EC1-4406-9757-D21E92159397} = {A700D2F4-404A-4091-B987-8DB40074C161}
		{82832D3E-0E53-4104-B5EC-EAB6381BD197} = {99B3B129-FBAF-431D-A343-B5FB9BE263D8}
	EndGlobalSection
	GlobalSection(ExtensibilityGlobals) = postSolution
		SolutionGuid = {2422323E-459D-49AA-AC49-00D5D652BB7E}
	EndGlobalSection
EndGlobal
